version = 1
revision = 3
requires-python = "==3.12.*"

[[package]]
name = "altgraph"
version = "0.17.5"
source = { registry = "https://pypi.org/simple" }
sdist = { url = "https://files.pythonhosted.org/packages/7e/f8/97fdf103f38fed6792a1601dbc16cc8aac56e7459a9fff08c812d8ae177a/altgraph-0.17.5.tar.gz", hash = "sha256:c87b395dd12fabde9c99573a9749d67da8d29ef9de0125c7f536699b4a9bc9e7", size = 48428, upload-time = "2025-11-21T20:35:50.583Z" }
wheels = [
    { url = "https://files.pythonhosted.org/packages/a9/ba/000a1996d4308bc65120167c21241a3b205464a2e0b58deda26ae8ac21d1/altgraph-0.17.5-py2.py3-none-any.whl", hash = "sha256:f3a22400bce1b0c701683820ac4f3b159cd301acab067c51c653e06961600597", size = 21228, upload-time = "2025-11-21T20:35:49.444Z" },
]

[[package]]
name = "auditwheel"
version = "6.4.2"
source = { registry = "https://pypi.org/simple" }
dependencies = [
    { name = "packaging" },
    { name = "pyelftools" },
]
sdist = { url = "https://files.pythonhosted.org/packages/26/a0/8d998628f1d899420a621fcd7b46825cb96f23b5b52c2b93f4f814ae9c59/auditwheel-6.4.2.tar.gz", hash = "sha256:b7a61afc9183b6b5c661de59ca586f9c7200445a409c58cdf2049d6f71636d51", size = 4694856, upload-time = "2025-07-27T07:14:33.527Z" }
wheels = [
    { url = "https://files.pythonhosted.org/packages/d6/66/d790dc341d93c80e1ee61f2580177d7ee2e3e16dc100c36889b8bd176acf/auditwheel-6.4.2-py3-none-any.whl", hash = "sha256:4302ae79dcff242e799a37173cfeeae727d0924843eca4b3f622d3bcb28de2db", size = 50876, upload-time = "2025-07-27T07:13:27.565Z" },
]

[[package]]
name = "cmake"
version = "4.3.1"
source = { registry = "https://pypi.org/simple" }
sdist = { url = "https://files.pythonhosted.org/packages/40/72/c295e190193af5f41d583517db1ca1cf43eaa2af8140856dca114fa6486d/cmake-4.3.1.tar.gz", hash = "sha256:6fe523413cdd2568a19a6ec297b8f869a95a3f8edaf0dd73731b81412216e00e", size = 36968, upload-time = "2026-03-31T21:02:08.594Z" }
wheels = [
    { url = "https://files.pythonhosted.org/packages/43/07/05be57c389f8f0c3d0d7b878685ec1eed863b77787d65584c9399e294531/cmake-4.3.1-py3-none-macosx_10_10_universal2.whl", hash = "sha256:976337df534f4eea6b100a7af39f9a7a538aa5fd65b7d770cf2a07907439dca8", size = 52555201, upload-time = "2026-03-28T15:28:10.956Z" },
    { url = "https://files.pythonhosted.org/packages/9b/80/09c381519855d53a5cce0e5e10e184f9e89caf6a6f1f7d7b42c17bd68d2e/cmake-4.3.1-py3-none-manylinux2014_aarch64.manylinux_2_17_aarch64.whl", hash = "sha256:bb7b7ef74beb69c099c39d7f151cfc94256bba1b75354e48ea87d6bf0dcb3007", size = 29569639, upload-time = "2026-03-28T15:28:14.368Z" },
    { url = "https://files.pythonhosted.org/packages/d6/0d/eab407c3592442711584d09bef5de17df93f39ea69baaa310c4564436177/cmake-4.3.1-py3-none-manylinux2014_i686.manylinux_2_17_i686.whl", hash = "sha256:8874aac9fbd07d71c506fcaf57255ff2cc015a15ea44146c0d1e694843d5e312", size = 30668021, upload-time = "2026-03-28T15:28:17.284Z" },
    { url = "https://files.pythonhosted.org/packages/ed/de/c7f487b21b33918c0af1dabfdf8d858799e01d62c2bd139fc871b86b21a2/cmake-4.3.1-py3-none-manylinux2014_ppc64le.manylinux_2_17_ppc64le.whl", hash = "sha256:f439501f3f3ecf1dbafbee6226fc6cc680203202ddfe59586357d076c417ae8f", size = 30454909, upload-time = "2026-03-31T21:01:21.595Z" },
    { url = "https://files.pythonhosted.org/packages/c4/9c/2de3a3b5a5983b72c3e2eeaa23a6c8d251ebae79d15cedb9818e708a4caf/cmake-4.3.1-py3-none-manylinux2014_s390x.manylinux_2_17_s390x.whl", hash = "sha256:345f5e4ee783cd7691c6b54a631b43bb0c2efabf45afa64ac9000f9b0885d250", size = 28373243, upload-time = "2026-03-31T21:01:24.896Z" },
    { url = "https://files.pythonhosted.org/packages/87/32/542ed40b3393bced9af073402f75fb6ae3e57d6656cc38a9470942de7b8c/cmake-4.3.1-py3-none-manylinux2014_x86_64.manylinux_2_17_x86_64.whl", hash = "sha256:80fc99c1958dbd926f529448dfcdbb1b176ecf31a8d485a3d68bd469487e8933", size = 29504762, upload-time = "2026-03-31T21:01:28.15Z" },
    { url = "https://files.pythonhosted.org/packages/7f/ec/4f99b7414984d668aaa9c6214df84af689db8756f1536ea81720bb2fef91/cmake-4.3.1-py3-none-manylinux_2_31_armv7l.whl", hash = "sha256:fdb744921ff4739e755faee005b36b97223d2bb8591ebd7b57abb5cf97300925", size = 26620758, upload-time = "2026-03-31T21:01:31.017Z" },
    { url = "https://files.pythonhosted.org/packages/bf/b4/627e18c8acf6219b1c8c521e7d702bca36edab21994992b64e68e1007430/cmake-4.3.1-py3-none-manylinux_2_31_riscv64.whl", hash = "sha256:fdc39eb421177bfa946af3600c797612ee76bfe6daa6036ff8958c504a99937b", size = 26759382, upload-time = "2026-03-31T21:01:33.833Z" },
    { url = "https://files.pythonhosted.org/packages/cc/e1/e3b3dd1c81e72329f1ec3350a02154f74547eab2c1db8270eb2bc344edc1/cmake-4.3.1-py3-none-musllinux_1_2_aarch64.whl", hash = "sha256:8d1d224f9df9e82f154ad31b9798b7b4c0d509a11ccdca695d0ee4d140c30c6d", size = 38584793, upload-time = "2026-03-31T21:01:36.853Z" },
    { url = "https://files.pythonhosted.org/packages/98/3e/7a1ca1992de268fe1284b3738549ea8859f665dec294d584ae9200d66ce6/cmake-4.3.1-py3-none-musllinux_1_2_armv7l.whl", hash = "sha256:056483831febe0934f25959bc74da077b18f23c7a064a0417432447ec27b8fb2", size = 35214335, upload-time = "2026-03-31T21:01:40.857Z" },
    { url = "https://files.pythonhosted.org/packages/16/ce/9b0e79835b674d2680fae7e57d3229abac0765c3d80ddcc6c5c67ec78fd8/cmake-4.3.1-py3-none-musllinux_1_2_i686.whl", hash = "sha256:9567aac26ee7a0594e6b71a8f94e907c7ce957cdeedeca1404504228f2c9885f", size = 41252469, upload-time = "2026-03-31T21:01:44.393Z" },
    { url = "https://files.pythonhosted.org/packages/bf/3a/eb15faf1ce961431017cda585650bd37a259fe53e836eae34263ea3647ab/cmake-4.3.1-py3-none-musllinux_1_2_ppc64le.whl", hash = "sha256:8cadd35606d3e4f9a43173f7236cd8947fb9652fdfb272a916f0600ad169fbf2", size = 40427440, upload-time = "2026-03-31T21:01:47.715Z" },
    { url = "https://files.pythonhosted.org/packages/48/34/b76e2c7aa0c1aa833430a2b4a1caff3f4163b9db7c38d208a4b6e0287d54/cmake-4.3.1-py3-none-musllinux_1_2_riscv64.whl", hash = "sha256:75622c1e7266e60fab9d4f1f4b4dc25f22a4b57e902d9792c39538f46a997269", size = 35482864, upload-time = "2026-03-31T21:01:50.611Z" },
    { url = "https://files.pythonhosted.org/packages/3a/3b/afd7d51aabec951e8881812d9bf1d4c74c1882434e97eb9ed6f097591dd1/cmake-4.3.1-py3-none-musllinux_1_2_s390x.whl", hash = "sha256:e43acaa51bb8fe57a914424edb0efa91eb82d577fb74ecc6ff67da47a1d23524", size = 37712157, upload-time = "2026-03-31T21:01:53.674Z" },
    { url = "https://files.pythonhosted.org/packages/4f/be/6d9c4f0ef5383622c3d7fd508acb531b1cbaee530e7cf4196c415f548131/cmake-4.3.1-py3-none-musllinux_1_2_x86_64.whl", hash = "sha256:e8bc1c42517ed9cb26eb293e720449830940ef7be6dcc101638b9cc65ece98c8", size = 38543688, upload-time = "2026-03-31T21:01:56.785Z" },
    { url = "https://files.pythonhosted.org/packages/3a/49/ca3671c1b6859b5efe5b9f1bebf95cad823d48a3a8f366a72e207a1d7a02/cmake-4.3.1-py3-none-win32.whl", hash = "sha256:cd9058d730da5fa68394c41b26036b18850de494d730a0a85cde51558138b70b", size = 37816372, upload-time = "2026-03-31T21:01:59.873Z" },
    { url = "https://files.pythonhosted.org/packages/2a/2a/a8db7d73a6941e9d4a177011137378b222cd6dcec383f1998f3594c73a0c/cmake-4.3.1-py3-none-win_amd64.whl", hash = "sha256:73fb3851fe760b0395983c5d3dd6da2364b1ce324f8546aee2078d162d96005a", size = 41267090, upload-time = "2026-03-31T21:02:03.04Z" },
    { url = "https://files.pythonhosted.org/packages/9b/be/d62156e55b8a9614f29cd8e576e9bf925ee2b428e43bb0c4f02b5cb97c65/cmake-4.3.1-py3-none-win_arm64.whl", hash = "sha256:86e97fed7c9a61638b08937981fdc9bca9caec9df9c88b87aa0a47442583e02a", size = 39606866, upload-time = "2026-03-31T21:02:05.973Z" },
]

[[package]]
name = "colorama"
version = "0.4.6"
source = { registry = "https://pypi.org/simple" }
sdist = { url = "https://files.pythonhosted.org/packages/d8/53/6f443c9a4a8358a93a6792e2acffb9d9d5cb0a5cfd8802644b7b1c9a02e4/colorama-0.4.6.tar.gz", hash = "sha256:08695f5cb7ed6e0531a20572697297273c47b8cae5a63ffc6d6ed5c201be6e44", size = 27697, upload-time = "2022-10-25T02:36:22.414Z" }
wheels = [
    { url = "https://files.pythonhosted.org/packages/d1/d6/3965ed04c63042e047cb6a3e6ed1a63a35087b6a609aa3a15ed8ac56c221/colorama-0.4.6-py2.py3-none-any.whl", hash = "sha256:4f1d9991f5acc0ca119f9d443620b77f9d6b33703e51011c16baf57afb285fc6", size = 25335, upload-time = "2022-10-25T02:36:20.889Z" },
]

[[package]]
name = "delocate"
version = "0.13.0"
source = { registry = "https://pypi.org/simple" }
dependencies = [
    { name = "macholib" },
    { name = "packaging" },
    { name = "typing-extensions" },
]
sdist = { url = "https://files.pythonhosted.org/packages/2d/21/f1679803b2582632e7b9fdd83e675d5fc661513433c0f661938414978bc7/delocate-0.13.0.tar.gz", hash = "sha256:a93e67a9f56ee01a3f7096a042231d4ac37fecac873cd5ea34ea2b4f43a8fa13", size = 240774, upload-time = "2025-01-30T06:43:43.632Z" }
wheels = [
    { url = "https://files.pythonhosted.org/packages/2b/dd/437e601fa9d2b6bf8507256daf52196a226c3b340261f4cde8fac8e853ea/delocate-0.13.0-py3-none-any.whl", hash = "sha256:11f7596f88984c33f76b27fe2eea7637d1ce369a9e0b6737bbc706b6426e862c", size = 238040, upload-time = "2025-01-30T06:43:41.113Z" },
]

[[package]]
name = "delvewheel"
version = "1.13.0"
source = { registry = "https://pypi.org/simple" }
dependencies = [
    { name = "pefile" },
]
sdist = { url = "https://files.pythonhosted.org/packages/3c/ba/4ce769b09cdee86c576a35fc17bb954fa22f81037884a028c978a8479fe1/delvewheel-1.13.0.tar.gz", hash = "sha256:440601f289c953d5b60e96af8a8dbe2729584d90b663e39c5eade6b9043b48f6", size = 63742, upload-time = "2026-05-28T18:46:19.749Z" }
wheels = [
    { url = "https://files.pythonhosted.org/packages/13/f9/8163f9145012263743dee49333f3a39bf214b83dac0ede7b06bb9ff7287c/delvewheel-1.13.0-py3-none-any.whl", hash = "sha256:eb8c34dee5d8816516befde73bf5cf9ea6142955f41d3baf25381c0136b28608", size = 59411, upload-time = "2026-05-28T18:46:18.116Z" },
]

[[package]]
name = "iniconfig"
version = "2.3.0"
source = { registry = "https://pypi.org/simple" }
sdist = { url = "https://files.pythonhosted.org/packages/72/34/14ca021ce8e5dfedc35312d08ba8bf51fdd999c576889fc2c24cb97f4f10/iniconfig-2.3.0.tar.gz", hash = "sha256:c76315c77db068650d49c5b56314774a7804df16fee4402c1f19d6d15d8c4730", size = 20503, upload-time = "2025-10-18T21:55:43.219Z" }
wheels = [
    { url = "https://files.pythonhosted.org/packages/cb/b1/3846dd7f199d53cb17f49cba7e651e9ce294d8497c8c150530ed11865bb8/iniconfig-2.3.0-py3-none-any.whl", hash = "sha256:f631c04d2c48c52b84d0d0549c99ff3859c98df65b3101406327ecc7d53fbf12", size = 7484, upload-time = "2025-10-18T21:55:41.639Z" },
]

[[package]]
name = "intel-cmplr-lib-ur"
version = "2025.3.3"
source = { registry = "https://pypi.org/simple" }
dependencies = [
    { name = "umf" },
]
wheels = [
    { url = "https://files.pythonhosted.org/packages/82/ca/9e27494641de36448c4783a1ff67f55b546733beb39fb8abe72960b756a4/intel_cmplr_lib_ur-2025.3.3-py2.py3-none-manylinux_2_28_x86_64.whl", hash = "sha256:a18ceadd336ad2f82f47977214ddc94568c5a33e262ee3b9d1b3631b7897b669", size = 30765500, upload-time = "2026-03-24T15:11:44.973Z" },
    { url = "https://files.pythonhosted.org/packages/3f/0f/f195caa3add546c47414ed62ba508bdbb6486d56a8f7371449cd554d041a/intel_cmplr_lib_ur-2025.3.3-py2.py3-none-win_amd64.whl", hash = "sha256:6f019c5563aaa231d7f618b400cfb4a8a5eac18bbb5084b1ebb1361696b6c7dd", size = 1253494, upload-time = "2026-03-24T15:11:09.948Z" },
]

[[package]]
name = "intel-openmp"
version = "2025.3.3"
source = { registry = "https://pypi.org/simple" }
dependencies = [
    { name = "intel-cmplr-lib-ur" },
]
wheels = [
    { url = "https://files.pythonhosted.org/packages/3f/12/5e07caf359d5bedd67b40e84e2faec6b5a3ad5da27ce151860fe6b270935/intel_openmp-2025.3.3-py2.py3-none-manylinux_2_28_x86_64.whl", hash = "sha256:0b20a49b041afc8c1ec9b5746f006c2aa1d2475a9fe6d29ed551dba7cb84d9ab", size = 74335293, upload-time = "2026-03-24T15:11:36.732Z" },
    { url = "https://files.pythonhosted.org/packages/55/79/ec688efdcd29fd5ab299fd8a76f2bfdcb1466d308a6482b3f0b51dfb34e2/intel_openmp-2025.3.3-py2.py3-none-win_amd64.whl", hash = "sha256:20a0f9306a9eb7f56065e7e912ae359d64bfeebc37513464f92840fa3c0d0c4b", size = 32085026, upload-time = "2026-03-24T15:11:02.086Z" },
]

[[package]]
name = "macholib"
version = "1.16.4"
source = { registry = "https://pypi.org/simple" }
dependencies = [
    { name = "altgraph" },
]
sdist = { url = "https://files.pythonhosted.org/packages/10/2f/97589876ea967487978071c9042518d28b958d87b17dceb7cdc1d881f963/macholib-1.16.4.tar.gz", hash = "sha256:f408c93ab2e995cd2c46e34fe328b130404be143469e41bc366c807448979362", size = 59427, upload-time = "2025-11-22T08:28:38.373Z" }
wheels = [
    { url = "https://files.pythonhosted.org/packages/c7/d1/a9f36f8ecdf0fb7c9b1e78c8d7af12b8c8754e74851ac7b94a8305540fc7/macholib-1.16.4-py2.py3-none-any.whl", hash = "sha256:da1a3fa8266e30f0ce7e97c6a54eefaae8edd1e5f86f3eb8b95457cae90265ea", size = 38117, upload-time = "2025-11-22T08:28:36.939Z" },
]

[[package]]
name = "mkl"
version = "2025.3.1"
source = { registry = "https://pypi.org/simple" }
dependencies = [
    { name = "intel-openmp" },
    { name = "onemkl-license" },
    { name = "tbb" },
]
wheels = [
    { url = "https://files.pythonhosted.org/packages/b3/ee/76755ca0ec9626835e0d024c369b968f24eadce2106a7884404720670623/mkl-2025.3.1-py2.py3-none-manylinux_2_28_x86_64.whl", hash = "sha256:db31e59fa368dd4fa45b494351f4b7e0e6204b08d7db27836118c4e1370eb011", size = 195022933, upload-time = "2026-01-22T05:35:09.804Z" },
    { url = "https://files.pythonhosted.org/packages/99/c2/97c8df6e8c0663903ab7b0fe4d9529e6a75ffeeeef7b1727bc14996d389b/mkl-2025.3.1-py2.py3-none-win_amd64.whl", hash = "sha256:74084f58784c4cde1dc3284bdf3a19df30fbfe11416567e4ba6419d3bd9ce33e", size = 155530417, upload-time = "2026-01-22T05:31:57.796Z" },
]

[[package]]
name = "mkl-devel"
version = "2025.3.1"
source = { registry = "https://pypi.org/simple" }
dependencies = [
    { name = "mkl" },
    { name = "mkl-include" },
    { name = "tbb-devel" },
]
wheels = [
    { url = "https://files.pythonhosted.org/packages/74/06/3904b7b1ebf05c856cbd3628d3b25fffb9f9d2b49fa657be93b410e2183c/mkl_devel-2025.3.1-py2.py3-none-manylinux_2_28_x86_64.whl", hash = "sha256:bb18e30ced5bd18dc1800a08354dc2752c7cd42ade255f0fa33005197609c443", size = 32376, upload-time = "2026-01-22T05:36:13.225Z" },
    { url = "https://files.pythonhosted.org/packages/1f/03/f97ca377dbec2c8aa81c08712206ab612da48c72af966758a7646ba0d8c5/mkl_devel-2025.3.1-py2.py3-none-win_amd64.whl", hash = "sha256:42669ca656d8c46ec8fef4109471e2684f53468119664862e02f7de473e3761d", size = 14409570, upload-time = "2026-01-22T05:31:50.859Z" },
]

[[package]]
name = "mkl-include"
version = "2025.3.1"
source = { registry = "https://pypi.org/simple" }
dependencies = [
    { name = "onemkl-license" },
]
wheels = [
    { url = "https://files.pythonhosted.org/packages/a6/43/7c107c3b05da5590797d34a48666b235b05265398feb48984a14dd1b458b/mkl_include-2025.3.1-py2.py3-none-manylinux_2_28_x86_64.whl", hash = "sha256:b81b08dfd64901a398bd1a751783e9a4de53d9e2ba2e019438dab9e3f8c7e1ea", size = 1263883, upload-time = "2026-01-22T05:35:58.33Z" },
    { url = "https://files.pythonhosted.org/packages/54/8f/3a292e04ee57f31fea21d9c882a50a7385f46037effd91f25a2aea647a56/mkl_include-2025.3.1-py2.py3-none-win_amd64.whl", hash = "sha256:8d7c785da74418d6bfb20f8d5b08ddfc661b86ab78ee4cdad64a617542aa1cf2", size = 1271154, upload-time = "2026-01-22T05:32:35.057Z" },
]

[[package]]
name = "ninja"
version = "1.13.0"
source = { registry = "https://pypi.org/simple" }
sdist = { url = "https://files.pythonhosted.org/packages/43/73/79a0b22fc731989c708068427579e840a6cf4e937fe7ae5c5d0b7356ac22/ninja-1.13.0.tar.gz", hash = "sha256:4a40ce995ded54d9dc24f8ea37ff3bf62ad192b547f6c7126e7e25045e76f978", size = 242558, upload-time = "2025-08-11T15:10:19.421Z" }
wheels = [
    { url = "https://files.pythonhosted.org/packages/3c/74/d02409ed2aa865e051b7edda22ad416a39d81a84980f544f8de717cab133/ninja-1.13.0-py3-none-macosx_10_9_universal2.whl", hash = "sha256:fa2a8bfc62e31b08f83127d1613d10821775a0eb334197154c4d6067b7068ff1", size = 310125, upload-time = "2025-08-11T15:09:50.971Z" },
    { url = "https://files.pythonhosted.org/packages/8e/de/6e1cd6b84b412ac1ef327b76f0641aeb5dcc01e9d3f9eee0286d0c34fd93/ninja-1.13.0-py3-none-manylinux2014_aarch64.manylinux_2_17_aarch64.whl", hash = "sha256:3d00c692fb717fd511abeb44b8c5d00340c36938c12d6538ba989fe764e79630", size = 177467, upload-time = "2025-08-11T15:09:52.767Z" },
    { url = "https://files.pythonhosted.org/packages/c8/83/49320fb6e58ae3c079381e333575fdbcf1cca3506ee160a2dcce775046fa/ninja-1.13.0-py3-none-manylinux2014_i686.manylinux_2_17_i686.whl", hash = "sha256:be7f478ff9f96a128b599a964fc60a6a87b9fa332ee1bd44fa243ac88d50291c", size = 187834, upload-time = "2025-08-11T15:09:54.115Z" },
    { url = "https://files.pythonhosted.org/packages/56/c7/ba22748fb59f7f896b609cd3e568d28a0a367a6d953c24c461fe04fc4433/ninja-1.13.0-py3-none-manylinux2014_ppc64le.manylinux_2_17_ppc64le.whl", hash = "sha256:60056592cf495e9a6a4bea3cd178903056ecb0943e4de45a2ea825edb6dc8d3e", size = 202736, upload-time = "2025-08-11T15:09:55.745Z" },
    { url = "https://files.pythonhosted.org/packages/79/22/d1de07632b78ac8e6b785f41fa9aad7a978ec8c0a1bf15772def36d77aac/ninja-1.13.0-py3-none-manylinux2014_s390x.manylinux_2_17_s390x.whl", hash = "sha256:1c97223cdda0417f414bf864cfb73b72d8777e57ebb279c5f6de368de0062988", size = 179034, upload-time = "2025-08-11T15:09:57.394Z" },
    { url = "https://files.pythonhosted.org/packages/ed/de/0e6edf44d6a04dabd0318a519125ed0415ce437ad5a1ec9b9be03d9048cf/ninja-1.13.0-py3-none-manylinux2014_x86_64.manylinux_2_17_x86_64.whl", hash = "sha256:fb46acf6b93b8dd0322adc3a4945452a4e774b75b91293bafcc7b7f8e6517dfa", size = 180716, upload-time = "2025-08-11T15:09:58.696Z" },
    { url = "https://files.pythonhosted.org/packages/54/28/938b562f9057aaa4d6bfbeaa05e81899a47aebb3ba6751e36c027a7f5ff7/ninja-1.13.0-py3-none-manylinux_2_28_armv7l.manylinux_2_31_armv7l.whl", hash = "sha256:4be9c1b082d244b1ad7ef41eb8ab088aae8c109a9f3f0b3e56a252d3e00f42c1", size = 146843, upload-time = "2025-08-11T15:10:00.046Z" },
    { url = "https://files.pythonhosted.org/packages/2a/fb/d06a3838de4f8ab866e44ee52a797b5491df823901c54943b2adb0389fbb/ninja-1.13.0-py3-none-manylinux_2_31_riscv64.whl", hash = "sha256:6739d3352073341ad284246f81339a384eec091d9851a886dfa5b00a6d48b3e2", size = 154402, upload-time = "2025-08-11T15:10:01.657Z" },
    { url = "https://files.pythonhosted.org/packages/31/bf/0d7808af695ceddc763cf251b84a9892cd7f51622dc8b4c89d5012779f06/ninja-1.13.0-py3-none-musllinux_1_2_aarch64.whl", hash = "sha256:11be2d22027bde06f14c343f01d31446747dbb51e72d00decca2eb99be911e2f", size = 552388, upload-time = "2025-08-11T15:10:03.349Z" },
    { url = "https://files.pythonhosted.org/packages/9d/70/c99d0c2c809f992752453cce312848abb3b1607e56d4cd1b6cded317351a/ninja-1.13.0-py3-none-musllinux_1_2_armv7l.whl", hash = "sha256:aa45b4037b313c2f698bc13306239b8b93b4680eb47e287773156ac9e9304714", size = 472501, upload-time = "2025-08-11T15:10:04.735Z" },
    { url = "https://files.pythonhosted.org/packages/9f/43/c217b1153f0e499652f5e0766da8523ce3480f0a951039c7af115e224d55/ninja-1.13.0-py3-none-musllinux_1_2_i686.whl", hash = "sha256:5f8e1e8a1a30835eeb51db05cf5a67151ad37542f5a4af2a438e9490915e5b72", size = 638280, upload-time = "2025-08-11T15:10:06.512Z" },
    { url = "https://files.pythonhosted.org/packages/8c/45/9151bba2c8d0ae2b6260f71696330590de5850e5574b7b5694dce6023e20/ninja-1.13.0-py3-none-musllinux_1_2_ppc64le.whl", hash = "sha256:3d7d7779d12cb20c6d054c61b702139fd23a7a964ec8f2c823f1ab1b084150db", size = 642420, upload-time = "2025-08-11T15:10:08.35Z" },
    { url = "https://files.pythonhosted.org/packages/3c/fb/95752eb635bb8ad27d101d71bef15bc63049de23f299e312878fc21cb2da/ninja-1.13.0-py3-none-musllinux_1_2_riscv64.whl", hash = "sha256:d741a5e6754e0bda767e3274a0f0deeef4807f1fec6c0d7921a0244018926ae5", size = 585106, upload-time = "2025-08-11T15:10:09.818Z" },
    { url = "https://files.pythonhosted.org/packages/c1/31/aa56a1a286703800c0cbe39fb4e82811c277772dc8cd084f442dd8e2938a/ninja-1.13.0-py3-none-musllinux_1_2_s390x.whl", hash = "sha256:e8bad11f8a00b64137e9b315b137d8bb6cbf3086fbdc43bf1f90fd33324d2e96", size = 707138, upload-time = "2025-08-11T15:10:11.366Z" },
    { url = "https://files.pythonhosted.org/packages/34/6f/5f5a54a1041af945130abdb2b8529cbef0cdcbbf9bcf3f4195378319d29a/ninja-1.13.0-py3-none-musllinux_1_2_x86_64.whl", hash = "sha256:b4f2a072db3c0f944c32793e91532d8948d20d9ab83da9c0c7c15b5768072200", size = 581758, upload-time = "2025-08-11T15:10:13.295Z" },
    { url = "https://files.pythonhosted.org/packages/95/97/51359c77527d45943fe7a94d00a3843b81162e6c4244b3579fe8fc54cb9c/ninja-1.13.0-py3-none-win32.whl", hash = "sha256:8cfbb80b4a53456ae8a39f90ae3d7a2129f45ea164f43fadfa15dc38c4aef1c9", size = 267201, upload-time = "2025-08-11T15:10:15.158Z" },
    { url = "https://files.pythonhosted.org/packages/29/45/c0adfbfb0b5895aa18cec400c535b4f7ff3e52536e0403602fc1a23f7de9/ninja-1.13.0-py3-none-win_amd64.whl", hash = "sha256:fb8ee8719f8af47fed145cced4a85f0755dd55d45b2bddaf7431fa89803c5f3e", size = 309975, upload-time = "2025-08-11T15:10:16.697Z" },
    { url = "https://files.pythonhosted.org/packages/df/93/a7b983643d1253bb223234b5b226e69de6cda02b76cdca7770f684b795f5/ninja-1.13.0-py3-none-win_arm64.whl", hash = "sha256:3c0b40b1f0bba764644385319028650087b4c1b18cdfa6f45cb39a3669b81aa9", size = 290806, upload-time = "2025-08-11T15:10:18.018Z" },
]

[[package]]
name = "numpy"
version = "2.0.2"
source = { registry = "https://pypi.org/simple" }
sdist = { url = "https://files.pythonhosted.org/packages/a9/75/10dd1f8116a8b796cb2c737b674e02d02e80454bda953fa7e65d8c12b016/numpy-2.0.2.tar.gz", hash = "sha256:883c987dee1880e2a864ab0dc9892292582510604156762362d9326444636e78", size = 18902015, upload-time = "2024-08-26T20:19:40.945Z" }
wheels = [
    { url = "https://files.pythonhosted.org/packages/45/40/2e117be60ec50d98fa08c2f8c48e09b3edea93cfcabd5a9ff6925d54b1c2/numpy-2.0.2-cp312-cp312-macosx_10_9_x86_64.whl", hash = "sha256:df55d490dea7934f330006d0f81e8551ba6010a5bf035a249ef61a94f21c500b", size = 20895803, upload-time = "2024-08-26T20:11:13.916Z" },
    { url = "https://files.pythonhosted.org/packages/46/92/1b8b8dee833f53cef3e0a3f69b2374467789e0bb7399689582314df02651/numpy-2.0.2-cp312-cp312-macosx_11_0_arm64.whl", hash = "sha256:8df823f570d9adf0978347d1f926b2a867d5608f434a7cff7f7908c6570dcf5e", size = 13471835, upload-time = "2024-08-26T20:11:34.779Z" },
    { url = "https://files.pythonhosted.org/packages/7f/19/e2793bde475f1edaea6945be141aef6c8b4c669b90c90a300a8954d08f0a/numpy-2.0.2-cp312-cp312-macosx_14_0_arm64.whl", hash = "sha256:9a92ae5c14811e390f3767053ff54eaee3bf84576d99a2456391401323f4ec2c", size = 5038499, upload-time = "2024-08-26T20:11:43.902Z" },
    { url = "https://files.pythonhosted.org/packages/e3/ff/ddf6dac2ff0dd50a7327bcdba45cb0264d0e96bb44d33324853f781a8f3c/numpy-2.0.2-cp312-cp312-macosx_14_0_x86_64.whl", hash = "sha256:a842d573724391493a97a62ebbb8e731f8a5dcc5d285dfc99141ca15a3302d0c", size = 6633497, upload-time = "2024-08-26T20:11:55.09Z" },
    { url = "https://files.pythonhosted.org/packages/72/21/67f36eac8e2d2cd652a2e69595a54128297cdcb1ff3931cfc87838874bd4/numpy-2.0.2-cp312-cp312-manylinux_2_17_aarch64.manylinux2014_aarch64.whl", hash = "sha256:c05e238064fc0610c840d1cf6a13bf63d7e391717d247f1bf0318172e759e692", size = 13621158, upload-time = "2024-08-26T20:12:14.95Z" },
    { url = "https://files.pythonhosted.org/packages/39/68/e9f1126d757653496dbc096cb429014347a36b228f5a991dae2c6b6cfd40/numpy-2.0.2-cp312-cp312-manylinux_2_17_x86_64.manylinux2014_x86_64.whl", hash = "sha256:0123ffdaa88fa4ab64835dcbde75dcdf89c453c922f18dced6e27c90d1d0ec5a", size = 19236173, upload-time = "2024-08-26T20:12:44.049Z" },
    { url = "https://files.pythonhosted.org/packages/d1/e9/1f5333281e4ebf483ba1c888b1d61ba7e78d7e910fdd8e6499667041cc35/numpy-2.0.2-cp312-cp312-musllinux_1_1_x86_64.whl", hash = "sha256:96a55f64139912d61de9137f11bf39a55ec8faec288c75a54f93dfd39f7eb40c", size = 19634174, upload-time = "2024-08-26T20:13:13.634Z" },
    { url = "https://files.pythonhosted.org/packages/71/af/a469674070c8d8408384e3012e064299f7a2de540738a8e414dcfd639996/numpy-2.0.2-cp312-cp312-musllinux_1_2_aarch64.whl", hash = "sha256:ec9852fb39354b5a45a80bdab5ac02dd02b15f44b3804e9f00c556bf24b4bded", size = 14099701, upload-time = "2024-08-26T20:13:34.851Z" },
    { url = "https://files.pythonhosted.org/packages/d0/3d/08ea9f239d0e0e939b6ca52ad403c84a2bce1bde301a8eb4888c1c1543f1/numpy-2.0.2-cp312-cp312-win32.whl", hash = "sha256:671bec6496f83202ed2d3c8fdc486a8fc86942f2e69ff0e986140339a63bcbe5", size = 6174313, upload-time = "2024-08-26T20:13:45.653Z" },
    { url = "https://files.pythonhosted.org/packages/b2/b5/4ac39baebf1fdb2e72585c8352c56d063b6126be9fc95bd2bb5ef5770c20/numpy-2.0.2-cp312-cp312-win_amd64.whl", hash = "sha256:cfd41e13fdc257aa5778496b8caa5e856dc4896d4ccf01841daee1d96465467a", size = 15606179, upload-time = "2024-08-26T20:14:08.786Z" },
]

[[package]]
name = "onemkl-license"
version = "2025.3.1"
source = { registry = "https://pypi.org/simple" }
wheels = [
    { url = "https://files.pythonhosted.org/packages/3e/1d/7acbedb07bf4c71cc499527c25a3ef60bf83ed41b8918e986ed7a4573bd4/onemkl_license-2025.3.1-py2.py3-none-manylinux_2_28_x86_64.whl", hash = "sha256:b6263a01bf29c04ea683eab1712eb6b74c2b8b722722f46fd90784ed8778c093", size = 58934, upload-time = "2026-01-22T05:36:11.789Z" },
    { url = "https://files.pythonhosted.org/packages/1b/7f/732bd62f4ce4ddcbf97003efa856fcafc99c29e6b05deb0c1bb9cb85bdc4/onemkl_license-2025.3.1-py2.py3-none-win_amd64.whl", hash = "sha256:9fa45b274f05a61797f9ec3166b136124250ec7c9c91dedb87f3a926bfed9a54", size = 58959, upload-time = "2026-01-22T05:32:16.865Z" },
]

[[package]]
name = "packaging"
version = "26.2"
source = { registry = "https://pypi.org/simple" }
sdist = { url = "https://files.pythonhosted.org/packages/d7/f1/e7a6dd94a8d4a5626c03e4e99c87f241ba9e350cd9e6d75123f992427270/packaging-26.2.tar.gz", hash = "sha256:ff452ff5a3e828ce110190feff1178bb1f2ea2281fa2075aadb987c2fb221661", size = 228134, upload-time = "2026-04-24T20:15:23.917Z" }
wheels = [
    { url = "https://files.pythonhosted.org/packages/df/b2/87e62e8c3e2f4b32e5fe99e0b86d576da1312593b39f47d8ceef365e95ed/packaging-26.2-py3-none-any.whl", hash = "sha256:5fc45236b9446107ff2415ce77c807cee2862cb6fac22b8a73826d0693b0980e", size = 100195, upload-time = "2026-04-24T20:15:22.081Z" },
]

[[package]]
name = "patchelf"
version = "0.17.2.4"
source = { registry = "https://pypi.org/simple" }
sdist = { url = "https://files.pythonhosted.org/packages/2c/a3/fdd3fa938c864aa2f11dd0b7f08befeda983d2dcdee44da493c6977a653f/patchelf-0.17.2.4.tar.gz", hash = "sha256:970ee5cd8af33e5ea2099510b2f9013fa1b8d5cd763bf3fd3961281c18101a09", size = 149629, upload-time = "2025-07-23T21:16:32.071Z" }
wheels = [
    { url = "https://files.pythonhosted.org/packages/0b/6d/2e9f5483cdb352fab36b8076667b062b2d79cb09d2e3fd09b6fca5771cb6/patchelf-0.17.2.4-py3-none-manylinux1_i686.manylinux_2_5_i686.musllinux_1_1_i686.whl", hash = "sha256:09fd848d625a165fc7b7e07745508c24077129b019c4415a882938781d43adf8", size = 547318, upload-time = "2025-07-23T21:16:22.135Z" },
    { url = "https://files.pythonhosted.org/packages/7e/19/f7821ef31aab01fa7dc8ebe697ece88ec4f7a0fdd3155dab2dfee4b00e5c/patchelf-0.17.2.4-py3-none-manylinux1_x86_64.manylinux_2_5_x86_64.musllinux_1_1_x86_64.whl", hash = "sha256:d9b35ebfada70c02679ad036407d9724ffe1255122ba4ac5e4be5868618a5689", size = 482846, upload-time = "2025-07-23T21:16:23.73Z" },
    { url = "https://files.pythonhosted.org/packages/d1/50/107fea848ecfd851d473b079cab79107487d72c4c3cdb25b9d2603a24ca2/patchelf-0.17.2.4-py3-none-manylinux2014_aarch64.manylinux_2_17_aarch64.musllinux_1_1_aarch64.whl", hash = "sha256:2931a1b5b85f3549661898af7bf746afbda7903c7c9a967cfc998a3563f84fad", size = 477811, upload-time = "2025-07-23T21:16:25.145Z" },
    { url = "https://files.pythonhosted.org/packages/89/a9/a9a2103e159fd65bffbc21ecc5c8c36e44eb34fe53b4ef85fb6d08c2a635/patchelf-0.17.2.4-py3-none-manylinux2014_armv7l.manylinux_2_17_armv7l.musllinux_1_1_armv7l.whl", hash = "sha256:ae44cb3c857d50f54b99e5697aa978726ada33a8a6129d4b8b7ffd28b996652d", size = 431226, upload-time = "2025-07-23T21:16:26.765Z" },
    { url = "https://files.pythonhosted.org/packages/87/93/897d612f6df7cfd987bdf668425127efeff8d8e4ad8bfbab1c69d2a0d861/patchelf-0.17.2.4-py3-none-manylinux2014_ppc64le.manylinux_2_17_ppc64le.musllinux_1_1_ppc64le.whl", hash = "sha256:680a266a70f60a7a4f4c448482c5bdba80cc8e6bb155a49dcc24238ba49927b0", size = 540276, upload-time = "2025-07-23T21:16:27.983Z" },
    { url = "https://files.pythonhosted.org/packages/5d/b8/2b92d11533482bac9ee989081d6880845287751b5f528adbd6bb27667fbd/patchelf-0.17.2.4-py3-none-manylinux2014_s390x.manylinux_2_17_s390x.musllinux_1_1_s390x.whl", hash = "sha256:d842b51f0401460f3b1f3a3a67d2c266a8f515a5adfbfa6e7b656cb3ac2ed8bc", size = 596632, upload-time = "2025-07-23T21:16:29.253Z" },
    { url = "https://files.pythonhosted.org/packages/14/e2/975d4bdb418f942b53e6187b95bd9e0d5e0488b7bc214685a1e43e2c2751/patchelf-0.17.2.4-py3-none-manylinux_2_31_riscv64.musllinux_1_1_riscv64.whl", hash = "sha256:7076d9e127230982e20a81a6e2358d3343004667ba510d9f822d4fdee29b0d71", size = 508281, upload-time = "2025-07-23T21:16:30.865Z" },
]

[[package]]
name = "pefile"
version = "2024.8.26"
source = { registry = "https://pypi.org/simple" }
sdist = { url = "https://files.pythonhosted.org/packages/03/4f/2750f7f6f025a1507cd3b7218691671eecfd0bbebebe8b39aa0fe1d360b8/pefile-2024.8.26.tar.gz", hash = "sha256:3ff6c5d8b43e8c37bb6e6dd5085658d658a7a0bdcd20b6a07b1fcfc1c4e9d632", size = 76008, upload-time = "2024-08-26T20:58:38.155Z" }
wheels = [
    { url = "https://files.pythonhosted.org/packages/54/16/12b82f791c7f50ddec566873d5bdd245baa1491bac11d15ffb98aecc8f8b/pefile-2024.8.26-py3-none-any.whl", hash = "sha256:76f8b485dcd3b1bb8166f1128d395fa3d87af26360c2358fb75b80019b957c6f", size = 74766, upload-time = "2024-08-26T21:01:02.632Z" },
]

[[package]]
name = "pluggy"
version = "1.6.0"
source = { registry = "https://pypi.org/simple" }
sdist = { url = "https://files.pythonhosted.org/packages/f9/e2/3e91f31a7d2b083fe6ef3fa267035b518369d9511ffab804f839851d2779/pluggy-1.6.0.tar.gz", hash = "sha256:7dcc130b76258d33b90f61b658791dede3486c3e6bfb003ee5c9bfb396dd22f3", size = 69412, upload-time = "2025-05-15T12:30:07.975Z" }
wheels = [
    { url = "https://files.pythonhosted.org/packages/54/20/4d324d65cc6d9205fabedc306948156824eb9f0ee1633355a8f7ec5c66bf/pluggy-1.6.0-py3-none-any.whl", hash = "sha256:e920276dd6813095e9377c0bc5566d94c932c33b27a3e3945d8389c374dd4746", size = 20538, upload-time = "2025-05-15T12:30:06.134Z" },
]

[[package]]
name = "pyelftools"
version = "0.33"
source = { registry = "https://pypi.org/simple" }
sdist = { url = "https://files.pythonhosted.org/packages/a3/11/767522582afab1b884d277de0e6e011640cb9d7292a38694b4b1a1df1ae8/pyelftools-0.33.tar.gz", hash = "sha256:660d82dcbeb8e83d1702bd97f223f761625da06111c0cc988eac6b8ab0c1b61f", size = 15068655, upload-time = "2026-05-29T12:56:22.553Z" }
wheels = [
    { url = "https://files.pythonhosted.org/packages/46/2a/f9697576603dae937727827505a6126a066affb227034e77e6f9068910da/pyelftools-0.33-py3-none-any.whl", hash = "sha256:f215ad5f47d3f1373a21496a6c9e0707c622840d0622f23ff7ce08678b020036", size = 201178, upload-time = "2026-05-29T12:56:20.587Z" },
]

[[package]]
name = "pygments"
version = "2.20.0"
source = { registry = "https://pypi.org/simple" }
sdist = { url = "https://files.pythonhosted.org/packages/c3/b2/bc9c9196916376152d655522fdcebac55e66de6603a76a02bca1b6414f6c/pygments-2.20.0.tar.gz", hash = "sha256:6757cd03768053ff99f3039c1a36d6c0aa0b263438fcab17520b30a303a82b5f", size = 4955991, upload-time = "2026-03-29T13:29:33.898Z" }
wheels = [
    { url = "https://files.pythonhosted.org/packages/f4/7e/a72dd26f3b0f4f2bf1dd8923c85f7ceb43172af56d63c7383eb62b332364/pygments-2.20.0-py3-none-any.whl", hash = "sha256:81a9e26dd42fd28a23a2d169d86d7ac03b46e2f8b59ed4698fb4785f946d0176", size = 1231151, upload-time = "2026-03-29T13:29:30.038Z" },
]

[[package]]
name = "pypgo"
version = "0.0.4"
source = { virtual = "." }
dependencies = [
    { name = "numpy" },
]

[package.optional-dependencies]
test = [
    { name = "pytest" },
]

[package.dev-dependencies]
dev = [
    { name = "cmake" },
    { name = "mkl-devel", marker = "sys_platform == 'linux' or sys_platform == 'win32'" },
    { name = "ninja" },
    { name = "numpy" },
    { name = "pytest" },
    { name = "setuptools" },
    { name = "wheel" },
]
release = [
    { name = "auditwheel", marker = "sys_platform == 'linux'" },
    { name = "cmake" },
    { name = "delocate", marker = "sys_platform == 'darwin'" },
    { name = "delvewheel", marker = "sys_platform == 'win32'" },
    { name = "mkl-devel", marker = "sys_platform == 'linux' or sys_platform == 'win32'" },
    { name = "ninja" },
    { name = "numpy" },
    { name = "patchelf", marker = "sys_platform == 'linux'" },
    { name = "pytest" },
    { name = "setuptools" },
    { name = "wheel" },
]

[package.metadata]
requires-dist = [
    { name = "numpy", specifier = ">=1.26" },
    { name = "pytest", marker = "extra == 'test'", specifier = ">=6.0" },
]
provides-extras = ["test"]

[package.metadata.requires-dev]
dev = [
    { name = "cmake", marker = "python_full_version == '3.12.*'", specifier = "==4.3.1" },
    { name = "mkl-devel", marker = "(python_full_version == '3.12.*' and sys_platform == 'linux') or (python_full_version == '3.12.*' and sys_platform == 'win32')", specifier = "==2025.3.1" },
    { name = "ninja", marker = "python_full_version == '3.12.*'", specifier = "==1.13.0" },
    { name = "numpy", marker = "python_full_version == '3.12.*'", specifier = "==2.0.2" },
    { name = "pytest", marker = "python_full_version == '3.12.*'", specifier = "==8.4.2" },
    { name = "setuptools", marker = "python_full_version == '3.12.*'", specifier = "==82.0.1" },
    { name = "wheel", marker = "python_full_version == '3.12.*'", specifier = "==0.47.0" },
]
release = [
    { name = "auditwheel", marker = "python_full_version == '3.12.*' and sys_platform == 'linux'", specifier = "==6.4.2" },
    { name = "cmake", marker = "python_full_version == '3.12.*'", specifier = "==4.3.1" },
    { name = "delocate", marker = "python_full_version == '3.12.*' and sys_platform == 'darwin'", specifier = "==0.13.0" },
    { name = "delvewheel", marker = "python_full_version == '3.12.*' and sys_platform == 'win32'", specifier = "==1.13.0" },
    { name = "mkl-devel", marker = "(python_full_version == '3.12.*' and sys_platform == 'linux') or (python_full_version == '3.12.*' and sys_platform == 'win32')", specifier = "==2025.3.1" },
    { name = "ninja", marker = "python_full_version == '3.12.*'", specifier = "==1.13.0" },
    { name = "numpy", marker = "python_full_version == '3.12.*'", specifier = "==2.0.2" },
    { name = "patchelf", marker = "python_full_version == '3.12.*' and sys_platform == 'linux'", specifier = "==0.17.2.4" },
    { name = "pytest", marker = "python_full_version == '3.12.*'", specifier = "==8.4.2" },
    { name = "setuptools", marker = "python_full_version == '3.12.*'", specifier = "==82.0.1" },
    { name = "wheel", marker = "python_full_version == '3.12.*'", specifier = "==0.47.0" },
]

[[package]]
name = "pytest"
version = "8.4.2"
source = { registry = "https://pypi.org/simple" }
dependencies = [
    { name = "colorama", marker = "sys_platform == 'win32'" },
    { name = "iniconfig" },
    { name = "packaging" },
    { name = "pluggy" },
    { name = "pygments" },
]
sdist = { url = "https://files.pythonhosted.org/packages/a3/5c/00a0e072241553e1a7496d638deababa67c5058571567b92a7eaa258397c/pytest-8.4.2.tar.gz", hash = "sha256:86c0d0b93306b961d58d62a4db4879f27fe25513d4b969df351abdddb3c30e01", size = 1519618, upload-time = "2025-09-04T14:34:22.711Z" }
wheels = [
    { url = "https://files.pythonhosted.org/packages/a8/a4/20da314d277121d6534b3a980b29035dcd51e6744bd79075a6ce8fa4eb8d/pytest-8.4.2-py3-none-any.whl", hash = "sha256:872f880de3fc3a5bdc88a11b39c9710c3497a547cfa9320bc3c5e62fbf272e79", size = 365750, upload-time = "2025-09-04T14:34:20.226Z" },
]

[[package]]
name = "setuptools"
version = "82.0.1"
source = { registry = "https://pypi.org/simple" }
sdist = { url = "https://files.pythonhosted.org/packages/4f/db/cfac1baf10650ab4d1c111714410d2fbb77ac5a616db26775db562c8fab2/setuptools-82.0.1.tar.gz", hash = "sha256:7d872682c5d01cfde07da7bccc7b65469d3dca203318515ada1de5eda35efbf9", size = 1152316, upload-time = "2026-03-09T12:47:17.221Z" }
wheels = [
    { url = "https://files.pythonhosted.org/packages/9d/76/f789f7a86709c6b087c5a2f52f911838cad707cc613162401badc665acfe/setuptools-82.0.1-py3-none-any.whl", hash = "sha256:a59e362652f08dcd477c78bb6e7bd9d80a7995bc73ce773050228a348ce2e5bb", size = 1006223, upload-time = "2026-03-09T12:47:15.026Z" },
]

[[package]]
name = "tbb"
version = "2022.3.1"
source = { registry = "https://pypi.org/simple" }
dependencies = [
    { name = "tcmlib" },
]
wheels = [
    { url = "https://files.pythonhosted.org/packages/08/59/8d381a2cfe8d36c4f4ff9f94769ff2809bfc16014d888360b0e24c7e5c6b/tbb-2022.3.1-py2.py3-none-manylinux_2_28_x86_64.whl", hash = "sha256:534c089eca6bcf148408684c156229d5f09c01d323b685b15739f41985b529d7", size = 4178630, upload-time = "2026-01-22T05:30:20.589Z" },
    { url = "https://files.pythonhosted.org/packages/68/ef/d01ec56a854949efc727c8cac8941325a2020f345a786e64ca6ad3a05611/tbb-2022.3.1-py3-none-win_amd64.whl", hash = "sha256:8187e4c50a77c75c51ca9395febddd3a67d88dcb4cc537947d68d244925710f7", size = 422729, upload-time = "2026-01-22T05:30:51.916Z" },
]

[[package]]
name = "tbb-devel"
version = "2022.3.1"
source = { registry = "https://pypi.org/simple" }
dependencies = [
    { name = "tbb" },
]
wheels = [
    { url = "https://files.pythonhosted.org/packages/45/58/1115e6488e0f125649ef5c8934798e7a8593081beef2a7bf643f02f08a43/tbb_devel-2022.3.1-py2.py3-none-manylinux_2_28_x86_64.whl", hash = "sha256:96e2c883e1707f9e4430f6026661957ffcd2982ed342356c5ff81a69d1b10e70", size = 6746385, upload-time = "2026-01-22T05:30:30.194Z" },
    { url = "https://files.pythonhosted.org/packages/35/9a/ac5866ebd55315a7558b4809bb779c22968566b9a7dcfddc7525cdd4cece/tbb_devel-2022.3.1-py3-none-win_amd64.whl", hash = "sha256:9e9d3b01fbbbf4b71a3ea4f2a337863071823b8a98fe457918153f9804d7a42e", size = 6279479, upload-time = "2026-01-22T05:30:49.495Z" },
]

[[package]]
name = "tcmlib"
version = "1.5.0"
source = { registry = "https://pypi.org/simple" }
wheels = [
    { url = "https://files.pythonhosted.org/packages/60/24/aa409bb20703acc70cf4d3bc620a55c789639c2995b2667fb44ae7236ec9/tcmlib-1.5.0-py2.py3-none-manylinux_2_28_x86_64.whl", hash = "sha256:9d7c01cff35aae9bf5390b620680ebdf10a7d211c22d6488a27a029502e7d0aa", size = 2812669, upload-time = "2026-04-24T14:14:18.557Z" },
    { url = "https://files.pythonhosted.org/packages/67/6d/9095c93326d0f8a5469ab22480d02795f24c08f1e7f383c73316ff106347/tcmlib-1.5.0-py2.py3-none-win_amd64.whl", hash = "sha256:f7b62787214083d490b39d7650f1e477eeacc875e7f86799feb9aa1fd34460d4", size = 366719, upload-time = "2026-04-24T14:09:45.977Z" },
]

[[package]]
name = "typing-extensions"
version = "4.16.0"
source = { registry = "https://pypi.org/simple" }
sdist = { url = "https://files.pythonhosted.org/packages/f6/cc/6253133b5bb138fc3306cebfbda2c520f545d36b5be2c7255cc528bb45d6/typing_extensions-4.16.0.tar.gz", hash = "sha256:dc983d19a509c94dba722ee6abd33940f7c05a89e243c47e907eb4db6f1a43e5", size = 113555, upload-time = "2026-07-02T08:40:05.92Z" }
wheels = [
    { url = "https://files.pythonhosted.org/packages/49/d3/b8441a820a491ddfc024b0b0cf0393375b75ea13866d9c66727e54c2fc80/typing_extensions-4.16.0-py3-none-any.whl", hash = "sha256:481caa481374e813c1b176ada14e97f1f67a4539ce9cfeb3f350d78d6370c2e8", size = 45571, upload-time = "2026-07-02T08:40:04.659Z" },
]

[[package]]
name = "umf"
version = "1.0.3"
source = { registry = "https://pypi.org/simple" }
dependencies = [
    { name = "tcmlib" },
]
wheels = [
    { url = "https://files.pythonhosted.org/packages/4c/b9/fe8c54eab5a3fdfdff1839d9299d90bfce5c467186b5c9ff9fd95d55ad64/umf-1.0.3-py2.py3-none-manylinux_2_28_x86_64.whl", hash = "sha256:c89c0974daed30a1cac77fb7ce5ff9140d178e286bb2dd91b751486d5d0a65b0", size = 359879, upload-time = "2026-01-22T05:32:44.433Z" },
    { url = "https://files.pythonhosted.org/packages/97/49/23b714e4ca9655f04d5b958ca8b4ef8361e10743581a637f141755b9f4fb/umf-1.0.3-py2.py3-none-win_amd64.whl", hash = "sha256:2182a623433329bd53863ac3b15a4af253d0eda62c603dc7c4e2bdce78658270", size = 249098, upload-time = "2026-01-22T05:33:19.278Z" },
]

[[package]]
name = "wheel"
version = "0.47.0"
source = { registry = "https://pypi.org/simple" }
dependencies = [
    { name = "packaging" },
]
sdist = { url = "https://files.pythonhosted.org/packages/39/62/75f18a0f03b4219c456652c7780e4d749b929eb605c098ce3a5b6b6bc081/wheel-0.47.0.tar.gz", hash = "sha256:cc72bd1009ba0cf63922e28f94d9d83b920aa2bb28f798a31d0691b02fa3c9b3", size = 63854, upload-time = "2026-04-22T15:51:27.727Z" }
wheels = [
    { url = "https://files.pythonhosted.org/packages/87/1b/9e33c09813d65e248f7f773119148a612516a4bea93e9c6f545f78455b7c/wheel-0.47.0-py3-none-any.whl", hash = "sha256:212281cab4dff978f6cedd499cd893e1f620791ca6ff7107cf270781e587eced", size = 32218, upload-time = "2026-04-22T15:51:26.296Z" },
]
